<?xml version="1.0" encoding="utf-8"?>
<Project ToolsVersion="4.0" xmlns="http://schemas.microsoft.com/developer/msbuild/2003">
  <ItemGroup>
    <Filter Include="Source Files">
      <UniqueIdentifier>{4FC737F1-C7A5-4376-A066-2A32D752A2FF}</UniqueIdentifier>
      <Extensions>cpp;c;cc;cxx;def;odl;idl;hpj;bat;asm;asmx</Extensions>
    </Filter>
    <Filter Include="Header Files">
      <UniqueIdentifier>{93995380-89BD-4b04-88EB-625FBE52EBFB}</UniqueIdentifier>
      <Extensions>h;hh;hpp;hxx;hm;inl;inc;xsd</Extensions>
    </Filter>
    <Filter Include="Resource Files">
      <UniqueIdentifier>{67DA6AB6-F800-4c08-8B7A-83BB121AAD01}</UniqueIdentifier>
      <Extensions>rc;ico;cur;bmp;dlg;rc2;rct;bin;rgs;gif;jpg;jpeg;jpe;resx;tiff;tif;png;wav;mfcribbon-ms</Extensions>
    </Filter>
    <Filter Include="Header Files\States">
      <UniqueIdentifier>{b0a217b9-446c-411d-95e7-bae48d7db7fa}</UniqueIdentifier>
    </Filter>
    <Filter Include="Header Files\Classes">
      <UniqueIdentifier>{c8b19e04-2083-4d38-a589-cd3bce97e3c4}</UniqueIdentifier>
    </Filter>
    <Filter Include="Resource Files\States">
      <UniqueIdentifier>{ce97604b-35fc-48f7-aae0-08a3634671ef}</UniqueIdentifier>
    </Filter>
    <Filter Include="Resource Files\Classes">
      <UniqueIdentifier>{ffc96db1-fef4-44ab-a74c-0a36d7e288f2}</UniqueIdentifier>
    </Filter>
    <Filter Include="Header Files\SDL">
      <UniqueIdentifier>{420b1851-bcba-4fef-9ac8-d920eaf71509}</UniqueIdentifier>
    </Filter>
    <Filter Include="Resource Files\SDL">
      <UniqueIdentifier>{e499763c-0445-4b1d-819f-0570596e33f7}</UniqueIdentifier>
    </Filter>
    <Filter Include="Resource Files\sound">
      <UniqueIdentifier>{5fab90d4-d241-4e2a-a8b6-ab165f8b9d2f}</UniqueIdentifier>
    </Filter>
    <Filter Include="Header Files\sound">
      <UniqueIdentifier>{61e542c2-f546-4835-865c-b60761b0e469}</UniqueIdentifier>
    </Filter>
  </ItemGroup>
  <ItemGroup>
    <ClCompile Include="src\Actor.cpp">
      <Filter>Resource Files\Classes</Filter>
    </ClCompile>
    <ClCompile Include="src\Buffer.cpp">
      <Filter>Resource Files\Classes</Filter>
    </ClCompile>
    <ClCompile Include="src\Item.cpp">
      <Filter>Resource Files\Classes</Filter>
    </ClCompile>
    <ClCompile Include="src\Log.cpp">
      <Filter>Resource Files\Classes</Filter>
    </ClCompile>
    <ClCompile Include="src\Room.cpp">
      <Filter>Resource Files\Classes</Filter>
    </ClCompile>
    <ClCompile Include="src\Schooled.cpp">
      <Filter>Resource Files\Classes</Filter>
    </ClCompile>
    <ClCompile Include="src\Cleanup.cpp">
      <Filter>Resource Files\SDL</Filter>
    </ClCompile>
    <ClCompile Include="src\SDL_util.cpp">
      <Filter>Resource Files\SDL</Filter>
    </ClCompile>
    <ClCompile Include="Source.cpp">
      <Filter>Source Files</Filter>
    </ClCompile>
    <ClCompile Include="src\GameEngine.cpp">
      <Filter>Resource Files\States</Filter>
    </ClCompile>
    <ClCompile Include="src\GameOverState.cpp">
      <Filter>Resource Files\States</Filter>
    </ClCompile>
    <ClCompile Include="src\MenuState.cpp">
      <Filter>Resource Files\States</Filter>
    </ClCompile>
    <ClCompile Include="src\PlayingState.cpp">
      <Filter>Resource Files\States</Filter>
    </ClCompile>
    <ClCompile Include="src\ShareState.cpp">
      <Filter>Resource Files\States</Filter>
    </ClCompile>
    <ClCompile Include="src\WinState.cpp">
      <Filter>Resource Files\States</Filter>
    </ClCompile>
    <ClCompile Include="src\FMOD_util.cpp">
      <Filter>Resource Files\sound</Filter>
    </ClCompile>
    <ClCompile Include="src\sound_effects.cpp">
      <Filter>Resource Files\sound</Filter>
    </ClCompile>
  </ItemGroup>
  <ItemGroup>
    <ClInclude Include="..\include\Actor.h">
      <Filter>Header Files\Classes</Filter>
    </ClInclude>
    <ClInclude Include="..\include\Buffer.h">
      <Filter>Header Files\Classes</Filter>
    </ClInclude>
    <ClInclude Include="..\include\Cleanup.h">
      <Filter>Header Files\SDL</Filter>
    </ClInclude>
    <ClInclude Include="..\include\SDL_util.h">
      <Filter>Header Files\SDL</Filter>
    </ClInclude>
    <ClInclude Include="..\include\Console_color.h">
      <Filter>Header Files\Classes</Filter>
    </ClInclude>
    <ClInclude Include="..\include\Item.h">
      <Filter>Header Files\Classes</Filter>
    </ClInclude>
    <ClInclude Include="..\include\Log.h">
      <Filter>Header Files\Classes</Filter>
    </ClInclude>
    <ClInclude Include="..\include\Room.h">
      <Filter>Header Files\Classes</Filter>
    </ClInclude>
    <ClInclude Include="..\include\Schooled.h">
      <Filter>Header Files\Classes</Filter>
    </ClInclude>
    <ClInclude Include="..\include\GameEngine.h">
      <Filter>Header Files\States</Filter>
    </ClInclude>
    <ClInclude Include="..\include\GameOverState.h">
      <Filter>Header Files\States</Filter>
    </ClInclude>
    <ClInclude Include="..\include\GameState.h">
      <Filter>Header Files\States</Filter>
    </ClInclude>
    <ClInclude Include="..\include\MenuState.h">
      <Filter>Header Files\States</Filter>
    </ClInclude>
    <ClInclude Include="..\include\PlayingState.h">
      <Filter>Header Files\States</Filter>
    </ClInclude>
    <ClInclude Include="..\include\ShareState.h">
      <Filter>Header Files\States</Filter>
    </ClInclude>
    <ClInclude Include="..\include\WinState.h">
      <Filter>Header Files\States</Filter>
    </ClInclude>
    <ClInclude Include="..\include\Res_Path.h">
      <Filter>Header Files\SDL</Filter>
    </ClInclude>
    <ClInclude Include="..\include\FMOD_util.h">
      <Filter>Header Files\sound</Filter>
    </ClInclude>
    <ClInclude Include="..\include\sound_effects.h">
      <Filter>Header Files\sound</Filter>
    </ClInclude>
  </ItemGroup>
</Project>