<?xml version="1.0" encoding="utf-8"?>
<Project ToolsVersion="4.0" xmlns="http://schemas.microsoft.com/developer/msbuild/2003">
  <ItemGroup>
    <Filter Include="Source Files">
      <UniqueIdentifier>{4FC737F1-C7A5-4376-A066-2A32D752A2FF}</UniqueIdentifier>
      <Extensions>cpp;c;cc;cxx;def;odl;idl;hpj;bat;asm;asmx</Extensions>
    </Filter>
    <Filter Include="Header Files">
      <UniqueIdentifier>{93995380-89BD-4b04-88EB-625FBE52EBFB}</UniqueIdentifier>
      <Extensions>h;hh;hpp;hxx;hm;inl;inc;xsd</Extensions>
    </Filter>
    <Filter Include="Resource Files">
      <UniqueIdentifier>{67DA6AB6-F800-4c08-8B7A-83BB121AAD01}</UniqueIdentifier>
      <Extensions>rc;ico;cur;bmp;dlg;rc2;rct;bin;rgs;gif;jpg;jpeg;jpe;resx;tiff;tif;png;wav;mfcribbon-ms</Extensions>
    </Filter>
    <Filter Include="Input">
      <UniqueIdentifier>{67a35aa6-bc1c-46b6-969e-c76d9161b287}</UniqueIdentifier>
    </Filter>
    <Filter Include="Vector">
      <UniqueIdentifier>{ab4e0f8d-5ec3-405c-9145-279859c3c8dc}</UniqueIdentifier>
    </Filter>
    <Filter Include="Classes">
      <UniqueIdentifier>{c8b19e04-2083-4d38-a589-cd3bce97e3c4}</UniqueIdentifier>
    </Filter>
    <Filter Include="sound">
      <UniqueIdentifier>{61e542c2-f546-4835-865c-b60761b0e469}</UniqueIdentifier>
    </Filter>
    <Filter Include="States">
      <UniqueIdentifier>{b0a217b9-446c-411d-95e7-bae48d7db7fa}</UniqueIdentifier>
    </Filter>
    <Filter Include="Levels">
      <UniqueIdentifier>{c3289da7-8eb8-4771-992d-a3a955793e67}</UniqueIdentifier>
    </Filter>
    <Filter Include="Input\Data">
      <UniqueIdentifier>{bdb61fcd-2f45-48c3-a556-bab6222dbbe9}</UniqueIdentifier>
    </Filter>
  </ItemGroup>
  <ItemGroup>
    <ClCompile Include="Source.cpp">
      <Filter>Source Files</Filter>
    </ClCompile>
    <ClCompile Include="src\input\InputContext.cpp">
      <Filter>Input</Filter>
    </ClCompile>
    <ClCompile Include="src\input\InputMapper.cpp">
      <Filter>Input</Filter>
    </ClCompile>
    <ClCompile Include="src\input\pch.cpp">
      <Filter>Input</Filter>
    </ClCompile>
    <ClCompile Include="src\input\RangeConverter.cpp">
      <Filter>Input</Filter>
    </ClCompile>
    <ClCompile Include="src\tinyxml2.cpp">
      <Filter>Resource Files</Filter>
    </ClCompile>
    <ClCompile Include="src\tmxparser.cpp">
      <Filter>Resource Files</Filter>
    </ClCompile>
    <ClCompile Include="src\base64.cpp">
      <Filter>Resource Files</Filter>
    </ClCompile>
    <ClCompile Include="src\Character.cpp">
      <Filter>Classes</Filter>
    </ClCompile>
    <ClCompile Include="src\Item.cpp">
      <Filter>Classes</Filter>
    </ClCompile>
    <ClCompile Include="src\Schooled.cpp">
      <Filter>Classes</Filter>
    </ClCompile>
    <ClCompile Include="src\Sprite.cpp">
      <Filter>Classes</Filter>
    </ClCompile>
    <ClCompile Include="src\sound.cpp">
      <Filter>sound</Filter>
    </ClCompile>
    <ClCompile Include="src\ShareState.cpp">
      <Filter>States</Filter>
    </ClCompile>
    <ClCompile Include="src\ExploreState.cpp">
      <Filter>States</Filter>
    </ClCompile>
    <ClCompile Include="src\GameEngine.cpp">
      <Filter>States</Filter>
    </ClCompile>
    <ClCompile Include="src\BattleState.cpp">
      <Filter>States</Filter>
    </ClCompile>
    <ClCompile Include="src\Vector2.cpp">
      <Filter>Vector</Filter>
    </ClCompile>
    <ClCompile Include="src\Image.cpp">
      <Filter>Classes</Filter>
    </ClCompile>
    <ClCompile Include="src\Level.cpp">
      <Filter>Classes</Filter>
    </ClCompile>
  </ItemGroup>
  <ItemGroup>
    <ClInclude Include="..\include\Item.h">
      <Filter>Classes</Filter>
    </ClInclude>
    <ClInclude Include="..\include\Schooled.h">
      <Filter>Classes</Filter>
    </ClInclude>
    <ClInclude Include="..\include\GameEngine.h">
      <Filter>States</Filter>
    </ClInclude>
    <ClInclude Include="..\include\GameState.h">
      <Filter>States</Filter>
    </ClInclude>
    <ClInclude Include="..\include\ShareState.h">
      <Filter>States</Filter>
    </ClInclude>
    <ClInclude Include="..\include\Input\FileIO.h">
      <Filter>Input</Filter>
    </ClInclude>
    <ClInclude Include="..\include\Input\InputConstants.h">
      <Filter>Input</Filter>
    </ClInclude>
    <ClInclude Include="..\include\Input\InputContext.h">
      <Filter>Input</Filter>
    </ClInclude>
    <ClInclude Include="..\include\Input\InputMapper.h">
      <Filter>Input</Filter>
    </ClInclude>
    <ClInclude Include="..\include\Input\pch.h">
      <Filter>Input</Filter>
    </ClInclude>
    <ClInclude Include="..\include\Input\RangeConverter.h">
      <Filter>Input</Filter>
    </ClInclude>
    <ClInclude Include="..\include\Character.h">
      <Filter>Classes</Filter>
    </ClInclude>
    <ClInclude Include="..\include\Sprite.h">
      <Filter>Classes</Filter>
    </ClInclude>
    <ClInclude Include="..\include\BattleState.h">
      <Filter>States</Filter>
    </ClInclude>
    <ClInclude Include="..\include\Sound.h">
      <Filter>sound</Filter>
    </ClInclude>
    <ClInclude Include="..\include\ExploreState.h">
      <Filter>States</Filter>
    </ClInclude>
    <ClInclude Include="..\include\tinyxml2.h">
      <Filter>Header Files</Filter>
    </ClInclude>
    <ClInclude Include="..\include\Image.h">
      <Filter>Classes</Filter>
    </ClInclude>
    <ClInclude Include="..\include\Level.h">
      <Filter>Classes</Filter>
    </ClInclude>
    <ClInclude Include="..\include\base64.h">
      <Filter>Header Files</Filter>
    </ClInclude>
    <ClInclude Include="..\include\tmxparser.h">
      <Filter>Header Files</Filter>
    </ClInclude>
    <ClInclude Include="..\include\Vector2.h">
      <Filter>Vector</Filter>
    </ClInclude>
    <ClInclude Include="..\include\Input\RawInputConstants.h">
      <Filter>Input</Filter>
    </ClInclude>
  </ItemGroup>
  <ItemGroup>
    <None Include="..\include\Vector2.inl">
      <Filter>Vector</Filter>
    </None>
  </ItemGroup>
  <ItemGroup>
    <Text Include="..\include\Input\License.txt">
      <Filter>Input</Filter>
    </Text>
  </ItemGroup>
  <ItemGroup>
    <Xml Include="..\res\levels\level1.xml">
      <Filter>Levels</Filter>
    </Xml>
    <Xml Include="Contexts.xml">
      <Filter>Input\Data</Filter>
    </Xml>
    <Xml Include="InputMap.xml">
      <Filter>Input\Data</Filter>
    </Xml>
    <Xml Include="InputRanges.xml">
      <Filter>Input\Data</Filter>
    </Xml>
  </ItemGroup>
</Project>